
Microsoft Visual Studio Solution File, Format Version 12.00
# Visual Studio 2015
Project("{FAE04EC0-301F-11D3-BF4B-00C04F79EFBC}") = "SpaceTime.CSharp", "SpaceTime.CSharp.csproj", "{39700D82-3C4F-F48D-7244-479C8289A2DA}"
EndProject
Global
	GlobalSection(SolutionConfigurationPlatforms) = preSolution
		Debug|Any CPU = Debug|Any CPU
		Release|Any CPU = Release|Any CPU
	EndGlobalSection
	GlobalSection(ProjectConfigurationPlatforms) = postSolution
		{39700D82-3C4F-F48D-7244-479C8289A2DA}.Debug|Any CPU.ActiveCfg = Debug|Any CPU
		{39700D82-3C4F-F48D-7244-479C8289A2DA}.Debug|Any CPU.Build.0 = Debug|Any CPU
		{39700D82-3C4F-F48D-7244-479C8289A2DA}.Release|Any CPU.ActiveCfg = Release|Any CPU
		{39700D82-3C4F-F48D-7244-479C8289A2DA}.Release|Any CPU.Build.0 = Release|Any CPU
	EndGlobalSection
	GlobalSection(SolutionProperties) = preSolution
		HideSolutionNode = FALSE
	EndGlobalSection
EndGlobal
